
Microsoft Visual Studio Solution File, Format Version 12.00
# Visual Studio Version 16
VisualStudioVersion = 16.0.30907.101
MinimumVisualStudioVersion = 10.0.40219.1
Project("{FAE04EC0-301F-11D3-BF4B-00C04F79EFBC}") = "mRengar", "mRengar.csproj", "{C0FF7BEE-A924-4FAE-906F-612682A8B58A}"
EndProject
Global
	GlobalSection(SolutionConfigurationPlatforms) = preSolution
		Debug|Any CPU = Debug|Any CPU
		Release|Any CPU = Release|Any CPU
	EndGlobalSection
	GlobalSection(ProjectConfigurationPlatforms) = postSolution
		{C0FF7BEE-A924-4FAE-906F-612682A8B58A}.Debug|Any CPU.ActiveCfg = Debug|Any CPU
		{C0FF7BEE-A924-4FAE-906F-612682A8B58A}.Debug|Any CPU.Build.0 = Debug|Any CPU
		{C0FF7BEE-A924-4FAE-906F-612682A8B58A}.Release|Any CPU.ActiveCfg = Release|Any CPU
		{C0FF7BEE-A924-4FAE-906F-612682A8B58A}.Release|Any CPU.Build.0 = Release|Any CPU
	EndGlobalSection
	GlobalSection(SolutionProperties) = preSolution
		HideSolutionNode = FALSE
	EndGlobalSection
	GlobalSection(ExtensibilityGlobals) = postSolution
		SolutionGuid = {5D0BE3B4-13DF-42B9-9EAA-569A4CE63D0E}
	EndGlobalSection
EndGlobal
